{
	"name": "srcset-parser",
	"version": "0.0.1",
	"lockfileVersion": 1,
	"requires": true,
	"dependencies": {
		"srcset": {
			"version": "3.0.0",
			"resolved": "https://registry.npmjs.org/srcset/-/srcset-3.0.0.tgz",
			"integrity": "sha512-D59vF08Qzu/C4GAOXVgMTLfgryt5fyWo93FZyhEWANo0PokFz/iWdDe13mX3O5TRf6l8vMTqckAfR4zPiaH0yQ=="
		}
	}
}
